
Microsoft Visual Studio Solution File, Format Version 10.00
# Visual Studio 2008
Project("{8BC9CEB8-8B4A-11D0-8D11-00A0C91BC942}") = "glfont", "glfont.vcproj", "{7807979E-30ED-403F-AD74-6F8ACEE243FC}"
EndProject
Global
	GlobalSection(SolutionConfigurationPlatforms) = preSolution
		Debug|Win32 = Debug|Win32
		Release|Win32 = Release|Win32
	EndGlobalSection
	GlobalSection(ProjectConfigurationPlatforms) = postSolution
		{7807979E-30ED-403F-AD74-6F8ACEE243FC}.Debug|Win32.ActiveCfg = Debug|Win32
		{7807979E-30ED-403F-AD74-6F8ACEE243FC}.Debug|Win32.Build.0 = Debug|Win32
		{7807979E-30ED-403F-AD74-6F8ACEE243FC}.Release|Win32.ActiveCfg = Release|Win32
		{7807979E-30ED-403F-AD74-6F8ACEE243FC}.Release|Win32.Build.0 = Release|Win32
	EndGlobalSection
	GlobalSection(SolutionProperties) = preSolution
		HideSolutionNode = FALSE
	EndGlobalSection
EndGlobal
